
Microsoft Visual Studio Solution File, Format Version 11.00
# Visual Studio 2010
Project("{8BC9CEB8-8B4A-11D0-8D11-00A0C91BC942}") = "Space Odyssey", "Space Odyssey\Space Odyssey.vcxproj", "{E15E54FE-50E9-43D2-86B5-CD8E8364B287}"
EndProject
Global
	GlobalSection(SolutionConfigurationPlatforms) = preSolution
		Debug|Win32 = Debug|Win32
		Release|Win32 = Release|Win32
	EndGlobalSection
	GlobalSection(ProjectConfigurationPlatforms) = postSolution
		{E15E54FE-50E9-43D2-86B5-CD8E8364B287}.Debug|Win32.ActiveCfg = Debug|Win32
		{E15E54FE-50E9-43D2-86B5-CD8E8364B287}.Debug|Win32.Build.0 = Debug|Win32
		{E15E54FE-50E9-43D2-86B5-CD8E8364B287}.Release|Win32.ActiveCfg = Release|Win32
		{E15E54FE-50E9-43D2-86B5-CD8E8364B287}.Release|Win32.Build.0 = Release|Win32
	EndGlobalSection
	GlobalSection(SolutionProperties) = preSolution
		HideSolutionNode = FALSE
	EndGlobalSection
EndGlobal
